
Microsoft Visual Studio Solution File, Format Version 11.00
# Visual Studio 2010
Project("{FAE04EC0-301F-11D3-BF4B-00C04F79EFBC}") = "BeatTheScarVR_15-10_14.30", "Assembly-CSharp-firstpass.csproj", "{A814ED51-862C-EA82-2220-0CEF32382DA6}"
EndProject
Project("{FAE04EC0-301F-11D3-BF4B-00C04F79EFBC}") = "BeatTheScarVR_15-10_14.30", "Assembly-CSharp.csproj", "{FEC63E89-06C3-B0BE-2CCC-8AABD4221A7A}"
EndProject
Project("{FAE04EC0-301F-11D3-BF4B-00C04F79EFBC}") = "BeatTheScarVR_15-10_14.30", "Assembly-CSharp-Editor.csproj", "{F93928E3-87E6-7B03-8FE2-0521599AF069}"
EndProject
Project("{FAE04EC0-301F-11D3-BF4B-00C04F79EFBC}") = "BeatTheScarVR_15-10_14.30", "Assembly-CSharp-Editor-firstpass.csproj", "{7C955E43-D6BA-F5F4-CACC-45CEADA20346}"
EndProject
Global
	GlobalSection(SolutionConfigurationPlatforms) = preSolution
		Debug|Any CPU = Debug|Any CPU
		Release|Any CPU = Release|Any CPU
	EndGlobalSection
	GlobalSection(ProjectConfigurationPlatforms) = postSolution
		{A814ED51-862C-EA82-2220-0CEF32382DA6}.Debug|Any CPU.ActiveCfg = Debug|Any CPU
		{A814ED51-862C-EA82-2220-0CEF32382DA6}.Debug|Any CPU.Build.0 = Debug|Any CPU
		{A814ED51-862C-EA82-2220-0CEF32382DA6}.Release|Any CPU.ActiveCfg = Release|Any CPU
		{A814ED51-862C-EA82-2220-0CEF32382DA6}.Release|Any CPU.Build.0 = Release|Any CPU
		{FEC63E89-06C3-B0BE-2CCC-8AABD4221A7A}.Debug|Any CPU.ActiveCfg = Debug|Any CPU
		{FEC63E89-06C3-B0BE-2CCC-8AABD4221A7A}.Debug|Any CPU.Build.0 = Debug|Any CPU
		{FEC63E89-06C3-B0BE-2CCC-8AABD4221A7A}.Release|Any CPU.ActiveCfg = Release|Any CPU
		{FEC63E89-06C3-B0BE-2CCC-8AABD4221A7A}.Release|Any CPU.Build.0 = Release|Any CPU
		{F93928E3-87E6-7B03-8FE2-0521599AF069}.Debug|Any CPU.ActiveCfg = Debug|Any CPU
		{F93928E3-87E6-7B03-8FE2-0521599AF069}.Debug|Any CPU.Build.0 = Debug|Any CPU
		{F93928E3-87E6-7B03-8FE2-0521599AF069}.Release|Any CPU.ActiveCfg = Release|Any CPU
		{F93928E3-87E6-7B03-8FE2-0521599AF069}.Release|Any CPU.Build.0 = Release|Any CPU
		{7C955E43-D6BA-F5F4-CACC-45CEADA20346}.Debug|Any CPU.ActiveCfg = Debug|Any CPU
		{7C955E43-D6BA-F5F4-CACC-45CEADA20346}.Debug|Any CPU.Build.0 = Debug|Any CPU
		{7C955E43-D6BA-F5F4-CACC-45CEADA20346}.Release|Any CPU.ActiveCfg = Release|Any CPU
		{7C955E43-D6BA-F5F4-CACC-45CEADA20346}.Release|Any CPU.Build.0 = Release|Any CPU
	EndGlobalSection
	GlobalSection(SolutionProperties) = preSolution
		HideSolutionNode = FALSE
	EndGlobalSection
	GlobalSection(MonoDevelopProperties) = preSolution
		StartupItem = Assembly-CSharp.csproj
	EndGlobalSection
EndGlobal
