
Microsoft Visual Studio Solution File, Format Version 11.00
# Visual Studio 2010
Project("{FAE04EC0-301F-11D3-BF4B-00C04F79EFBC}") = "BeatTheScarVR_16-10_15.30", "Assembly-CSharp-firstpass.csproj", "{84623EEB-A407-DB6B-15F2-F926355BADBC}"
EndProject
Project("{FAE04EC0-301F-11D3-BF4B-00C04F79EFBC}") = "BeatTheScarVR_16-10_15.30", "Assembly-CSharp.csproj", "{B14FBC07-4F90-336A-58B6-0AF9EC070142}"
EndProject
Project("{FAE04EC0-301F-11D3-BF4B-00C04F79EFBC}") = "BeatTheScarVR_16-10_15.30", "Assembly-CSharp-Editor.csproj", "{4FDCD96A-BDAE-8BD2-BC3D-63EC6AC1931F}"
EndProject
Project("{FAE04EC0-301F-11D3-BF4B-00C04F79EFBC}") = "BeatTheScarVR_16-10_15.30", "Assembly-CSharp-Editor-firstpass.csproj", "{7CCC2AA2-3E52-296E-963C-F6CABC62FBFC}"
EndProject
Global
	GlobalSection(SolutionConfigurationPlatforms) = preSolution
		Debug|Any CPU = Debug|Any CPU
		Release|Any CPU = Release|Any CPU
	EndGlobalSection
	GlobalSection(ProjectConfigurationPlatforms) = postSolution
		{84623EEB-A407-DB6B-15F2-F926355BADBC}.Debug|Any CPU.ActiveCfg = Debug|Any CPU
		{84623EEB-A407-DB6B-15F2-F926355BADBC}.Debug|Any CPU.Build.0 = Debug|Any CPU
		{84623EEB-A407-DB6B-15F2-F926355BADBC}.Release|Any CPU.ActiveCfg = Release|Any CPU
		{84623EEB-A407-DB6B-15F2-F926355BADBC}.Release|Any CPU.Build.0 = Release|Any CPU
		{B14FBC07-4F90-336A-58B6-0AF9EC070142}.Debug|Any CPU.ActiveCfg = Debug|Any CPU
		{B14FBC07-4F90-336A-58B6-0AF9EC070142}.Debug|Any CPU.Build.0 = Debug|Any CPU
		{B14FBC07-4F90-336A-58B6-0AF9EC070142}.Release|Any CPU.ActiveCfg = Release|Any CPU
		{B14FBC07-4F90-336A-58B6-0AF9EC070142}.Release|Any CPU.Build.0 = Release|Any CPU
		{4FDCD96A-BDAE-8BD2-BC3D-63EC6AC1931F}.Debug|Any CPU.ActiveCfg = Debug|Any CPU
		{4FDCD96A-BDAE-8BD2-BC3D-63EC6AC1931F}.Debug|Any CPU.Build.0 = Debug|Any CPU
		{4FDCD96A-BDAE-8BD2-BC3D-63EC6AC1931F}.Release|Any CPU.ActiveCfg = Release|Any CPU
		{4FDCD96A-BDAE-8BD2-BC3D-63EC6AC1931F}.Release|Any CPU.Build.0 = Release|Any CPU
		{7CCC2AA2-3E52-296E-963C-F6CABC62FBFC}.Debug|Any CPU.ActiveCfg = Debug|Any CPU
		{7CCC2AA2-3E52-296E-963C-F6CABC62FBFC}.Debug|Any CPU.Build.0 = Debug|Any CPU
		{7CCC2AA2-3E52-296E-963C-F6CABC62FBFC}.Release|Any CPU.ActiveCfg = Release|Any CPU
		{7CCC2AA2-3E52-296E-963C-F6CABC62FBFC}.Release|Any CPU.Build.0 = Release|Any CPU
	EndGlobalSection
	GlobalSection(SolutionProperties) = preSolution
		HideSolutionNode = FALSE
	EndGlobalSection
	GlobalSection(MonoDevelopProperties) = preSolution
		StartupItem = Assembly-CSharp.csproj
	EndGlobalSection
EndGlobal
